github.com/artyom/smartcrop v0.0.0-20151228104656-7a9cbb970c13 h1:ifG8HbKnkohE3TaQtAIQ5K9qZ5VbIcodWX/Ay4rRNJM=
github.com/artyom/smartcrop v0.0.0-20151228104656-7a9cbb970c13/go.mod h1:bl6XEUJ4zdB8sT4TgmXIbRHGw4hIcsErGaJjJwyc2oE=
github.com/bamiaux/rez v0.0.0-20170731184118-29f4463c688b h1:5Ci5wpOL75rYF6RQGRoqhEAU6xLJ6n/D4SckXX1yB74=
github.com/bamiaux/rez v0.0.0-20170731184118-29f4463c688b/go.mod h1:obBQGGIFbbv9KWg92Qu9UHeD94JXmHD1jovY/z6I3O8=
github.com/nfnt/resize v0.0.0-20180221191011-83c6a9932646 h1:zYyBkD/k9seD2A7fsi6Oo2LfFZAehjjQMERAvZLEDnQ=
github.com/nfnt/resize v0.0.0-20180221191011-83c6a9932646/go.mod h1:jpp1/29i3P1S/RLdc7JQKbRpFeM1dOBd8T9ki5s+AY8=
github.com/rwcarlsen/goexif v0.0.0-20190401172101-9e8deecbddbd h1:CmH9+J6ZSsIjUK3dcGsnCnO41eRBOnY12zwkn5qVwgc=
github.com/rwcarlsen/goexif v0.0.0-20190401172101-9e8deecbddbd/go.mod h1:hPqNNc0+uJM6H+SuU8sEs5K5IQeKccPqeSjfgcKGgPk=
github.com/termie/go-shutil v0.0.0-20140729215957-bcacb06fecae h1:vgGSvdW5Lqg+I1aZOlG32uyE6xHpLdKhZzcTEktz5wM=
github.com/termie/go-shutil v0.0.0-20140729215957-bcacb06fecae/go.mod h1:quDq6Se6jlGwiIKia/itDZxqC5rj6/8OdFyMMAwTxCs=
golang.org/x/image v0.38.0 h1:5l+q+Y9JDC7mBOMjo4/aPhMDcxEptsX+Tt3GgRQRPuE=
golang.org/x/image v0.38.0/go.mod h1:/3f6vaXC+6CEanU4KJxbcUZyEePbyKbaLoDOe4ehFYY=
